
Microsoft Visual Studio Solution File, Format Version 12.00
# Visual Studio Version 17
VisualStudioVersion = 17.5.33424.131
MinimumVisualStudioVersion = 10.0.40219.1
Project("{2150E333-8FDC-42A3-9474-1A3956D46DE8}") = "Mango.Web", "Mango.Web", "{20D9D67E-B56B-40D3-A717-B38750FD7616}"
EndProject
Project("{FAE04EC0-301F-11D3-BF4B-00C04F79EFBC}") = "FrontEnd", "FrontEnd\FrontEnd.csproj", "{418EAD89-085F-4692-B04E-6CD5110AE2B0}"
EndProject
Project("{2150E333-8FDC-42A3-9474-1A3956D46DE8}") = "Services", "Services", "{39F4C575-BAF7-4EDE-A89F-A2DA21229F34}"
EndProject
Project("{FAE04EC0-301F-11D3-BF4B-00C04F79EFBC}") = "Mango.Services.ProductAPI", "Mango.Services.ProductAPI\Mango.Services.ProductAPI.csproj", "{970E1AA8-A84A-4965-82B3-2BE6E04241A0}"
EndProject
Global
	GlobalSection(SolutionConfigurationPlatforms) = preSolution
		Debug|Any CPU = Debug|Any CPU
		Release|Any CPU = Release|Any CPU
	EndGlobalSection
	GlobalSection(ProjectConfigurationPlatforms) = postSolution
		{418EAD89-085F-4692-B04E-6CD5110AE2B0}.Debug|Any CPU.ActiveCfg = Debug|Any CPU
		{418EAD89-085F-4692-B04E-6CD5110AE2B0}.Debug|Any CPU.Build.0 = Debug|Any CPU
		{418EAD89-085F-4692-B04E-6CD5110AE2B0}.Release|Any CPU.ActiveCfg = Release|Any CPU
		{418EAD89-085F-4692-B04E-6CD5110AE2B0}.Release|Any CPU.Build.0 = Release|Any CPU
		{970E1AA8-A84A-4965-82B3-2BE6E04241A0}.Debug|Any CPU.ActiveCfg = Debug|Any CPU
		{970E1AA8-A84A-4965-82B3-2BE6E04241A0}.Debug|Any CPU.Build.0 = Debug|Any CPU
		{970E1AA8-A84A-4965-82B3-2BE6E04241A0}.Release|Any CPU.ActiveCfg = Release|Any CPU
		{970E1AA8-A84A-4965-82B3-2BE6E04241A0}.Release|Any CPU.Build.0 = Release|Any CPU
	EndGlobalSection
	GlobalSection(SolutionProperties) = preSolution
		HideSolutionNode = FALSE
	EndGlobalSection
	GlobalSection(NestedProjects) = preSolution
		{418EAD89-085F-4692-B04E-6CD5110AE2B0} = {20D9D67E-B56B-40D3-A717-B38750FD7616}
		{970E1AA8-A84A-4965-82B3-2BE6E04241A0} = {39F4C575-BAF7-4EDE-A89F-A2DA21229F34}
	EndGlobalSection
	GlobalSection(ExtensibilityGlobals) = postSolution
		SolutionGuid = {D4924956-408C-43C1-A2BF-36F4CBA0F872}
	EndGlobalSection
EndGlobal
